{
    "name": "licencjat",
    "lockfileVersion": 3,
    "requires": true,
    "packages": {
        "": {
            "dependencies": {
                "prettier": "^2.8.8",
                "prettier-plugin-latex": "^1.2.4"
            }
        },
        "node_modules/@types/unist": {
            "version": "2.0.6",
            "resolved": "https://registry.npmjs.org/@types/unist/-/unist-2.0.6.tgz",
            "integrity": "sha512-PBjIUxZHOuj0R15/xuwJYjFi+KZdNFrehocChv4g5hu6aFroHue8m0lBP0POdK2nKzbw0cgV1mws8+V/JAcEkQ=="
        },
        "node_modules/@unified-latex/unified-latex-builder": {
            "version": "1.3.1",
            "resolved": "https://registry.npmjs.org/@unified-latex/unified-latex-builder/-/unified-latex-builder-1.3.1.tgz",
            "integrity": "sha512-X2nUVgrdGz5QwCFtQGheI3cw0DmyPKVHY6XZkOy316UVLZVGYKhvsFpdIguXGfcrlz7McyXa6NoFew3N/EP/lQ==",
            "dependencies": {
                "@unified-latex/unified-latex-types": "^1.3.1"
            }
        },
        "node_modules/@unified-latex/unified-latex-ctan": {
            "version": "1.3.2",
            "resolved": "https://registry.npmjs.org/@unified-latex/unified-latex-ctan/-/unified-latex-ctan-1.3.2.tgz",
            "integrity": "sha512-8KdEfN4y365ftGXE1pJF3K2k28YylMqLLAZ83ZKKBs+eAhr2SEjgMorKm307ZtZuWglCJtoZbJ87Lmk0mZinbQ==",
            "dependencies": {
                "@unified-latex/unified-latex-builder": "^1.3.1",
                "@unified-latex/unified-latex-types": "^1.3.1",
                "@unified-latex/unified-latex-util-argspec": "^1.3.1",
                "@unified-latex/unified-latex-util-arguments": "^1.3.2",
                "@unified-latex/unified-latex-util-comments": "^1.3.2",
                "@unified-latex/unified-latex-util-match": "^1.3.1",
                "@unified-latex/unified-latex-util-pegjs": "^1.3.1",
                "@unified-latex/unified-latex-util-print-raw": "^1.3.1",
                "@unified-latex/unified-latex-util-render-info": "^1.3.2",
                "@unified-latex/unified-latex-util-replace": "^1.3.2",
                "@unified-latex/unified-latex-util-scan": "^1.3.1",
                "@unified-latex/unified-latex-util-split": "^1.3.1",
                "@unified-latex/unified-latex-util-trim": "^1.3.2",
                "@unified-latex/unified-latex-util-visit": "^1.3.2",
                "color": "^4.2.3"
            }
        },
        "node_modules/@unified-latex/unified-latex-prettier": {
            "version": "1.3.2",
            "resolved": "https://registry.npmjs.org/@unified-latex/unified-latex-prettier/-/unified-latex-prettier-1.3.2.tgz",
            "integrity": "sha512-KNhIlwKrEcTDz9pg+nLqtGinC8cN76NbErV2pS37FiYOY/NpFXZ5rXhPc+aaZ2m98raJbcwGIHDsJJqeYmXpNA==",
            "dependencies": {
                "@unified-latex/unified-latex-ctan": "^1.3.2",
                "@unified-latex/unified-latex-types": "^1.3.1",
                "@unified-latex/unified-latex-util-align": "^1.3.1",
                "@unified-latex/unified-latex-util-match": "^1.3.1",
                "@unified-latex/unified-latex-util-parse": "^1.3.2",
                "@unified-latex/unified-latex-util-pgfkeys": "^1.3.1",
                "@unified-latex/unified-latex-util-print-raw": "^1.3.1",
                "@unified-latex/unified-latex-util-trim": "^1.3.2",
                "@unified-latex/unified-latex-util-visit": "^1.3.2",
                "prettier": "^2.6.2",
                "unified": "^10.1.2"
            }
        },
        "node_modules/@unified-latex/unified-latex-types": {
            "version": "1.3.1",
            "resolved": "https://registry.npmjs.org/@unified-latex/unified-latex-types/-/unified-latex-types-1.3.1.tgz",
            "integrity": "sha512-697Wc68b6HC4pG9+Gpt9hvZYJUeKQzNGY3ONTVERN3Sqfngd64i2p1Yh1dcqMxspckXaXwIn72XHRBSofITxSw=="
        },
        "node_modules/@unified-latex/unified-latex-util-align": {
            "version": "1.3.1",
            "resolved": "https://registry.npmjs.org/@unified-latex/unified-latex-util-align/-/unified-latex-util-align-1.3.1.tgz",
            "integrity": "sha512-Ym3Xhf7sNkIqLlETkEqC5eFotvkTyXB+Ee9Y7bo1O11qZ+AhwpkyG7E2Crcjw0oToURe3xDQzjMvkNTbFL/OOQ==",
            "dependencies": {
                "@unified-latex/unified-latex-types": "^1.3.1",
                "@unified-latex/unified-latex-util-match": "^1.3.1",
                "@unified-latex/unified-latex-util-pegjs": "^1.3.1"
            }
        },
        "node_modules/@unified-latex/unified-latex-util-argspec": {
            "version": "1.3.1",
            "resolved": "https://registry.npmjs.org/@unified-latex/unified-latex-util-argspec/-/unified-latex-util-argspec-1.3.1.tgz",
            "integrity": "sha512-nKFq2ziVxJpRt6oE08HnpGMOugfgRHDsf9ydO7mzhOpVxDbVbr7y0T71CnJOwFZz6lFJJIsFv/J2yiKNtYD1TA==",
            "dependencies": {
                "@unified-latex/unified-latex-util-pegjs": "^1.3.1"
            }
        },
        "node_modules/@unified-latex/unified-latex-util-arguments": {
            "version": "1.3.2",
            "resolved": "https://registry.npmjs.org/@unified-latex/unified-latex-util-arguments/-/unified-latex-util-arguments-1.3.2.tgz",
            "integrity": "sha512-2s7NAgwv8yWg8vxYg20YiOks/1dOfv9wVCxJx5H79t+N20GHimn/JmAWwjHKo8LEhiRk/272Z7kQNg84MbWjoA==",
            "dependencies": {
                "@unified-latex/unified-latex-builder": "^1.3.1",
                "@unified-latex/unified-latex-types": "^1.3.1",
                "@unified-latex/unified-latex-util-argspec": "^1.3.1",
                "@unified-latex/unified-latex-util-match": "^1.3.1",
                "@unified-latex/unified-latex-util-render-info": "^1.3.2",
                "@unified-latex/unified-latex-util-scan": "^1.3.1",
                "@unified-latex/unified-latex-util-visit": "^1.3.2",
                "unified": "^10.1.2"
            }
        },
        "node_modules/@unified-latex/unified-latex-util-catcode": {
            "version": "1.3.2",
            "resolved": "https://registry.npmjs.org/@unified-latex/unified-latex-util-catcode/-/unified-latex-util-catcode-1.3.2.tgz",
            "integrity": "sha512-X+YCif3dfn3XfdOzrICGX/Vnxycj4vmD6bo/oiC9xQbJ9a/OiZijMXx7UXpYFlMLqXaHYBHyYdTwA0PHte/FUg==",
            "dependencies": {
                "@unified-latex/unified-latex-types": "^1.3.1",
                "@unified-latex/unified-latex-util-match": "^1.3.1",
                "@unified-latex/unified-latex-util-visit": "^1.3.2"
            }
        },
        "node_modules/@unified-latex/unified-latex-util-comments": {
            "version": "1.3.2",
            "resolved": "https://registry.npmjs.org/@unified-latex/unified-latex-util-comments/-/unified-latex-util-comments-1.3.2.tgz",
            "integrity": "sha512-Tuu5jmFtvvcqZwigehNvOnD8G2jn+Hyqt639ngGhmuvLfZk44mAv+NOSJsWSPnZJRATayRwgGfK4yIHGtzWh5Q==",
            "dependencies": {
                "@unified-latex/unified-latex-types": "^1.3.1",
                "@unified-latex/unified-latex-util-match": "^1.3.1",
                "@unified-latex/unified-latex-util-replace": "^1.3.2"
            }
        },
        "node_modules/@unified-latex/unified-latex-util-environments": {
            "version": "1.3.2",
            "resolved": "https://registry.npmjs.org/@unified-latex/unified-latex-util-environments/-/unified-latex-util-environments-1.3.2.tgz",
            "integrity": "sha512-rXxNn8av8t8kXcune0zp++a893+q1rdeX8M4/DzpoH5BEQvgM6SyeBy/5sk6VgDy7lFa7E0yVOKhsArlxj0kxg==",
            "dependencies": {
                "@unified-latex/unified-latex-types": "^1.3.1",
                "@unified-latex/unified-latex-util-arguments": "^1.3.2",
                "@unified-latex/unified-latex-util-match": "^1.3.1",
                "@unified-latex/unified-latex-util-print-raw": "^1.3.1",
                "@unified-latex/unified-latex-util-render-info": "^1.3.2",
                "@unified-latex/unified-latex-util-visit": "^1.3.2",
                "unified": "^10.1.2"
            }
        },
        "node_modules/@unified-latex/unified-latex-util-match": {
            "version": "1.3.1",
            "resolved": "https://registry.npmjs.org/@unified-latex/unified-latex-util-match/-/unified-latex-util-match-1.3.1.tgz",
            "integrity": "sha512-tFgcbL8bMOVvOt9+ADzaiPZTN+P6bECu1sUNNdS/uVK+MXhr/1iJDfOkaJEoKGYEScyivS3i2gtVsJW4VM+QIQ==",
            "dependencies": {
                "@unified-latex/unified-latex-types": "^1.3.1",
                "@unified-latex/unified-latex-util-print-raw": "^1.3.1"
            }
        },
        "node_modules/@unified-latex/unified-latex-util-parse": {
            "version": "1.3.2",
            "resolved": "https://registry.npmjs.org/@unified-latex/unified-latex-util-parse/-/unified-latex-util-parse-1.3.2.tgz",
            "integrity": "sha512-lq75LROUPL8sGCs2LUrbQ69HMRTWum75DV6HXtsvAgqe6oBskuLz1e3ltwBahRGb+bMRA8Edh9SBgjE2P/mipw==",
            "dependencies": {
                "@unified-latex/unified-latex-ctan": "^1.3.2",
                "@unified-latex/unified-latex-types": "^1.3.1",
                "@unified-latex/unified-latex-util-arguments": "^1.3.2",
                "@unified-latex/unified-latex-util-catcode": "^1.3.2",
                "@unified-latex/unified-latex-util-environments": "^1.3.2",
                "@unified-latex/unified-latex-util-match": "^1.3.1",
                "@unified-latex/unified-latex-util-pegjs": "^1.3.1",
                "@unified-latex/unified-latex-util-print-raw": "^1.3.1",
                "@unified-latex/unified-latex-util-trim": "^1.3.2",
                "@unified-latex/unified-latex-util-visit": "^1.3.2",
                "unified": "^10.1.2"
            }
        },
        "node_modules/@unified-latex/unified-latex-util-pegjs": {
            "version": "1.3.1",
            "resolved": "https://registry.npmjs.org/@unified-latex/unified-latex-util-pegjs/-/unified-latex-util-pegjs-1.3.1.tgz",
            "integrity": "sha512-iRM3gteoqbVG7qr8h4byJavJOfnNlqkGcleWRG40242NxQfavVlaRtCNcBi0agyqgQ5kCgFHSvqDI8V7FvPflg==",
            "dependencies": {
                "@unified-latex/unified-latex-types": "^1.3.1",
                "@unified-latex/unified-latex-util-match": "^1.3.1"
            }
        },
        "node_modules/@unified-latex/unified-latex-util-pgfkeys": {
            "version": "1.3.1",
            "resolved": "https://registry.npmjs.org/@unified-latex/unified-latex-util-pgfkeys/-/unified-latex-util-pgfkeys-1.3.1.tgz",
            "integrity": "sha512-1UpBO8VtBvs6TwcH5TPLv8TpwJlCg1UOxLeQnJ/Yzzb2r+2oU4oZP+q81d0RTe7hXYg541i0jcTBhaWKilAWiA==",
            "dependencies": {
                "@unified-latex/unified-latex-types": "^1.3.1",
                "@unified-latex/unified-latex-util-match": "^1.3.1",
                "@unified-latex/unified-latex-util-pegjs": "^1.3.1",
                "@unified-latex/unified-latex-util-print-raw": "^1.3.1"
            }
        },
        "node_modules/@unified-latex/unified-latex-util-print-raw": {
            "version": "1.3.1",
            "resolved": "https://registry.npmjs.org/@unified-latex/unified-latex-util-print-raw/-/unified-latex-util-print-raw-1.3.1.tgz",
            "integrity": "sha512-c2LiNMdr4UBR9r+lzW3EdW7wlpcCpaeHIR5vO8vpD7KRF2sajshgeBD7ZhJ++t0axr6HTKTKy4JN12zV2UIotQ==",
            "dependencies": {
                "@unified-latex/unified-latex-types": "^1.3.1"
            }
        },
        "node_modules/@unified-latex/unified-latex-util-render-info": {
            "version": "1.3.2",
            "resolved": "https://registry.npmjs.org/@unified-latex/unified-latex-util-render-info/-/unified-latex-util-render-info-1.3.2.tgz",
            "integrity": "sha512-vQeLe94UrLoGYxx75EFl4F5PFd0a8Fe4c10PuX26V9ferM9s3xsDzzIIGWF1WRV2rSu0JzMwGP0JCyRwjvY4hQ==",
            "dependencies": {
                "@unified-latex/unified-latex-types": "^1.3.1",
                "@unified-latex/unified-latex-util-visit": "^1.3.2"
            }
        },
        "node_modules/@unified-latex/unified-latex-util-replace": {
            "version": "1.3.2",
            "resolved": "https://registry.npmjs.org/@unified-latex/unified-latex-util-replace/-/unified-latex-util-replace-1.3.2.tgz",
            "integrity": "sha512-AnHH8P0P/KJGledsL0x2Mb1X+Z9LUuINHfb8vPfkNnK05xXcpksoTrq13qRSWDs5UW+AY3t+lYRa8eBwnFtVBg==",
            "dependencies": {
                "@unified-latex/unified-latex-types": "^1.3.1",
                "@unified-latex/unified-latex-util-match": "^1.3.1",
                "@unified-latex/unified-latex-util-split": "^1.3.1",
                "@unified-latex/unified-latex-util-trim": "^1.3.2",
                "@unified-latex/unified-latex-util-visit": "^1.3.2",
                "unified": "^10.1.2"
            }
        },
        "node_modules/@unified-latex/unified-latex-util-scan": {
            "version": "1.3.1",
            "resolved": "https://registry.npmjs.org/@unified-latex/unified-latex-util-scan/-/unified-latex-util-scan-1.3.1.tgz",
            "integrity": "sha512-mMG0wRKcUlz0oryeo7eKhsFEYs9W2FLPNuT4pPUgJNkVOrWMRfgnBXlY+3MeGFSM5GWa90BK3loLcMwtR0FmSw==",
            "dependencies": {
                "@unified-latex/unified-latex-types": "^1.3.1",
                "@unified-latex/unified-latex-util-match": "^1.3.1",
                "@unified-latex/unified-latex-util-print-raw": "^1.3.1",
                "trie-prefix-tree": "^1.5.1"
            }
        },
        "node_modules/@unified-latex/unified-latex-util-split": {
            "version": "1.3.1",
            "resolved": "https://registry.npmjs.org/@unified-latex/unified-latex-util-split/-/unified-latex-util-split-1.3.1.tgz",
            "integrity": "sha512-OCeRB2tbp7P1yzAP0tCrSBm4D3LS0angf6UH4rX7PzhxalKNyo6K4oIHsp5zavaoBtxJ7LvdNnc9hXrxhBSnIg==",
            "dependencies": {
                "@unified-latex/unified-latex-types": "^1.3.1",
                "@unified-latex/unified-latex-util-match": "^1.3.1"
            }
        },
        "node_modules/@unified-latex/unified-latex-util-trim": {
            "version": "1.3.2",
            "resolved": "https://registry.npmjs.org/@unified-latex/unified-latex-util-trim/-/unified-latex-util-trim-1.3.2.tgz",
            "integrity": "sha512-ZZAQPWQeUcnwTnONas7tcTfQgi0qyLj8cWNXDlCQSGr1sCRpTy/uViFH9FwNmquE9/wLGEoF1XMMfOwgBk6U8Q==",
            "dependencies": {
                "@unified-latex/unified-latex-types": "^1.3.1",
                "@unified-latex/unified-latex-util-match": "^1.3.1",
                "@unified-latex/unified-latex-util-render-info": "^1.3.2",
                "@unified-latex/unified-latex-util-visit": "^1.3.2",
                "unified": "^10.1.2"
            }
        },
        "node_modules/@unified-latex/unified-latex-util-visit": {
            "version": "1.3.2",
            "resolved": "https://registry.npmjs.org/@unified-latex/unified-latex-util-visit/-/unified-latex-util-visit-1.3.2.tgz",
            "integrity": "sha512-5zqM7wRGpxWXb/x6yER2Se+4Q1kyI7rx1TKhVilwEqBPJX3fzLO6bs2gFoZGylmAY0chd8jc8Mn3L2xbX7gERA==",
            "dependencies": {
                "@unified-latex/unified-latex-types": "^1.3.1",
                "@unified-latex/unified-latex-util-match": "^1.3.1"
            }
        },
        "node_modules/bail": {
            "version": "2.0.2",
            "resolved": "https://registry.npmjs.org/bail/-/bail-2.0.2.tgz",
            "integrity": "sha512-0xO6mYd7JB2YesxDKplafRpsiOzPt9V02ddPCLbY1xYGPOX24NTyN50qnUxgCPcSoYMhKpAuBTjQoRZCAkUDRw==",
            "funding": {
                "type": "github",
                "url": "https://github.com/sponsors/wooorm"
            }
        },
        "node_modules/color": {
            "version": "4.2.3",
            "resolved": "https://registry.npmjs.org/color/-/color-4.2.3.tgz",
            "integrity": "sha512-1rXeuUUiGGrykh+CeBdu5Ie7OJwinCgQY0bc7GCRxy5xVHy+moaqkpL/jqQq0MtQOeYcrqEz4abc5f0KtU7W4A==",
            "dependencies": {
                "color-convert": "^2.0.1",
                "color-string": "^1.9.0"
            },
            "engines": {
                "node": ">=12.5.0"
            }
        },
        "node_modules/color-convert": {
            "version": "2.0.1",
            "resolved": "https://registry.npmjs.org/color-convert/-/color-convert-2.0.1.tgz",
            "integrity": "sha512-RRECPsj7iu/xb5oKYcsFHSppFNnsj/52OVTRKb4zP5onXwVF3zVmmToNcOfGC+CRDpfK/U584fMg38ZHCaElKQ==",
            "dependencies": {
                "color-name": "~1.1.4"
            },
            "engines": {
                "node": ">=7.0.0"
            }
        },
        "node_modules/color-name": {
            "version": "1.1.4",
            "resolved": "https://registry.npmjs.org/color-name/-/color-name-1.1.4.tgz",
            "integrity": "sha512-dOy+3AuW3a2wNbZHIuMZpTcgjGuLU/uBL/ubcZF9OXbDo8ff4O8yVp5Bf0efS8uEoYo5q4Fx7dY9OgQGXgAsQA=="
        },
        "node_modules/color-string": {
            "version": "1.9.1",
            "resolved": "https://registry.npmjs.org/color-string/-/color-string-1.9.1.tgz",
            "integrity": "sha512-shrVawQFojnZv6xM40anx4CkoDP+fZsw/ZerEMsW/pyzsRbElpsL/DBVW7q3ExxwusdNXI3lXpuhEZkzs8p5Eg==",
            "dependencies": {
                "color-name": "^1.0.0",
                "simple-swizzle": "^0.2.2"
            }
        },
        "node_modules/extend": {
            "version": "3.0.2",
            "resolved": "https://registry.npmjs.org/extend/-/extend-3.0.2.tgz",
            "integrity": "sha512-fjquC59cD7CyW6urNXK0FBufkZcoiGG80wTuPujX590cB5Ttln20E2UB4S/WARVqhXffZl2LNgS+gQdPIIim/g=="
        },
        "node_modules/is-arrayish": {
            "version": "0.3.2",
            "resolved": "https://registry.npmjs.org/is-arrayish/-/is-arrayish-0.3.2.tgz",
            "integrity": "sha512-eVRqCvVlZbuw3GrM63ovNSNAeA1K16kaR/LRY/92w0zxQ5/1YzwblUX652i4Xs9RwAGjW9d9y6X88t8OaAJfWQ=="
        },
        "node_modules/is-buffer": {
            "version": "2.0.5",
            "resolved": "https://registry.npmjs.org/is-buffer/-/is-buffer-2.0.5.tgz",
            "integrity": "sha512-i2R6zNFDwgEHJyQUtJEk0XFi1i0dPFn/oqjK3/vPCcDeJvW5NQ83V8QbicfF1SupOaB0h8ntgBC2YiE7dfyctQ==",
            "funding": [
                {
                    "type": "github",
                    "url": "https://github.com/sponsors/feross"
                },
                {
                    "type": "patreon",
                    "url": "https://www.patreon.com/feross"
                },
                {
                    "type": "consulting",
                    "url": "https://feross.org/support"
                }
            ],
            "engines": {
                "node": ">=4"
            }
        },
        "node_modules/is-plain-obj": {
            "version": "4.1.0",
            "resolved": "https://registry.npmjs.org/is-plain-obj/-/is-plain-obj-4.1.0.tgz",
            "integrity": "sha512-+Pgi+vMuUNkJyExiMBt5IlFoMyKnr5zhJ4Uspz58WOhBF5QoIZkFyNHIbBAtHwzVAgk5RtndVNsDRN61/mmDqg==",
            "engines": {
                "node": ">=12"
            },
            "funding": {
                "url": "https://github.com/sponsors/sindresorhus"
            }
        },
        "node_modules/prettier": {
            "version": "2.8.8",
            "resolved": "https://registry.npmjs.org/prettier/-/prettier-2.8.8.tgz",
            "integrity": "sha512-tdN8qQGvNjw4CHbY+XXk0JgCXn9QiF21a55rBe5LJAU+kDyC4WQn4+awm2Xfk2lQMk5fKup9XgzTZtGkjBdP9Q==",
            "bin": {
                "prettier": "bin-prettier.js"
            },
            "engines": {
                "node": ">=10.13.0"
            },
            "funding": {
                "url": "https://github.com/prettier/prettier?sponsor=1"
            }
        },
        "node_modules/prettier-plugin-latex": {
            "version": "1.2.4",
            "resolved": "https://registry.npmjs.org/prettier-plugin-latex/-/prettier-plugin-latex-1.2.4.tgz",
            "integrity": "sha512-FY83lz01385CK+cW4pC642oftuo1fqXRfyOoszEIno3ZwRqCeUTPb6gMX2ARse3xrvaua9FTY4q6v8l/h6DUGQ==",
            "dependencies": {
                "@unified-latex/unified-latex-prettier": "^1.0.5",
                "@unified-latex/unified-latex-util-parse": "^1.0.5",
                "@unified-latex/unified-latex-util-print-raw": "^1.0.5",
                "prettier": "^2.6.2"
            },
            "engines": {
                "node": ">= 10.0"
            }
        },
        "node_modules/simple-swizzle": {
            "version": "0.2.2",
            "resolved": "https://registry.npmjs.org/simple-swizzle/-/simple-swizzle-0.2.2.tgz",
            "integrity": "sha512-JA//kQgZtbuY83m+xT+tXJkmJncGMTFT+C+g2h2R9uxkYIrE2yy9sgmcLhCnw57/WSD+Eh3J97FPEDFnbXnDUg==",
            "dependencies": {
                "is-arrayish": "^0.3.1"
            }
        },
        "node_modules/trie-prefix-tree": {
            "version": "1.5.1",
            "resolved": "https://registry.npmjs.org/trie-prefix-tree/-/trie-prefix-tree-1.5.1.tgz",
            "integrity": "sha512-Jjvj/dA97wXnabG/NLJUgo4IQMj6vucH+Qxm7of/omfWSmZlPqdRU6Ta4GmQqCZH+n3/iYZUwfvUoEhB0Hs83Q=="
        },
        "node_modules/trough": {
            "version": "2.1.0",
            "resolved": "https://registry.npmjs.org/trough/-/trough-2.1.0.tgz",
            "integrity": "sha512-AqTiAOLcj85xS7vQ8QkAV41hPDIJ71XJB4RCUrzo/1GM2CQwhkJGaf9Hgr7BOugMRpgGUrqRg/DrBDl4H40+8g==",
            "funding": {
                "type": "github",
                "url": "https://github.com/sponsors/wooorm"
            }
        },
        "node_modules/unified": {
            "version": "10.1.2",
            "resolved": "https://registry.npmjs.org/unified/-/unified-10.1.2.tgz",
            "integrity": "sha512-pUSWAi/RAnVy1Pif2kAoeWNBa3JVrx0MId2LASj8G+7AiHWoKZNTomq6LG326T68U7/e263X6fTdcXIy7XnF7Q==",
            "dependencies": {
                "@types/unist": "^2.0.0",
                "bail": "^2.0.0",
                "extend": "^3.0.0",
                "is-buffer": "^2.0.0",
                "is-plain-obj": "^4.0.0",
                "trough": "^2.0.0",
                "vfile": "^5.0.0"
            },
            "funding": {
                "type": "opencollective",
                "url": "https://opencollective.com/unified"
            }
        },
        "node_modules/unist-util-stringify-position": {
            "version": "3.0.3",
            "resolved": "https://registry.npmjs.org/unist-util-stringify-position/-/unist-util-stringify-position-3.0.3.tgz",
            "integrity": "sha512-k5GzIBZ/QatR8N5X2y+drfpWG8IDBzdnVj6OInRNWm1oXrzydiaAT2OQiA8DPRRZyAKb9b6I2a6PxYklZD0gKg==",
            "dependencies": {
                "@types/unist": "^2.0.0"
            },
            "funding": {
                "type": "opencollective",
                "url": "https://opencollective.com/unified"
            }
        },
        "node_modules/vfile": {
            "version": "5.3.7",
            "resolved": "https://registry.npmjs.org/vfile/-/vfile-5.3.7.tgz",
            "integrity": "sha512-r7qlzkgErKjobAmyNIkkSpizsFPYiUPuJb5pNW1RB4JcYVZhs4lIbVqk8XPk033CV/1z8ss5pkax8SuhGpcG8g==",
            "dependencies": {
                "@types/unist": "^2.0.0",
                "is-buffer": "^2.0.0",
                "unist-util-stringify-position": "^3.0.0",
                "vfile-message": "^3.0.0"
            },
            "funding": {
                "type": "opencollective",
                "url": "https://opencollective.com/unified"
            }
        },
        "node_modules/vfile-message": {
            "version": "3.1.4",
            "resolved": "https://registry.npmjs.org/vfile-message/-/vfile-message-3.1.4.tgz",
            "integrity": "sha512-fa0Z6P8HUrQN4BZaX05SIVXic+7kE3b05PWAtPuYP9QLHsLKYR7/AlLW3NtOrpXRLeawpDLMsVkmk5DG0NXgWw==",
            "dependencies": {
                "@types/unist": "^2.0.0",
                "unist-util-stringify-position": "^3.0.0"
            },
            "funding": {
                "type": "opencollective",
                "url": "https://opencollective.com/unified"
            }
        }
    }
}
